// !$*UTF8*$!
{
	archiveVersion = 1;
	classes = {
	};
	objectVersion = 46;
	objects = {

/* Begin PBXBuildFile section */
		FC7CBA331BFFE5A900BB702C /* main.m in Sources */ = {isa = PBXBuildFile; fileRef = FC7CBA321BFFE5A900BB702C /* main.m */; };
		FC7CBA361BFFE5A900BB702C /* AppDelegate.m in Sources */ = {isa = PBXBuildFile; fileRef = FC7CBA351BFFE5A900BB702C /* AppDelegate.m */; };
		FC7CBA391BFFE5A900BB702C /* ViewController.m in Sources */ = {isa = PBXBuildFile; fileRef = FC7CBA381BFFE5A900BB702C /* ViewController.m */; };
		FC7CBA3C1BFFE5A900BB702C /* Main.storyboard in Resources */ = {isa = PBXBuildFile; fileRef = FC7CBA3A1BFFE5A900BB702C /* Main.storyboard */; };
		FC7CBA3E1BFFE5A900BB702C /* Images.xcassets in Resources */ = {isa = PBXBuildFile; fileRef = FC7CBA3D1BFFE5A900BB702C /* Images.xcassets */; };
		FC7CBA411BFFE5A900BB702C /* LaunchScreen.xib in Resources */ = {isa = PBXBuildFile; fileRef = FC7CBA3F1BFFE5A900BB702C /* LaunchScreen.xib */; };
		FC7CBA4D1BFFE5A900BB702C /* zigzagTests.m in Sources */ = {isa = PBXBuildFile; fileRef = FC7CBA4C1BFFE5A900BB702C /* zigzagTests.m */; };
/* End PBXBuildFile section */

/* Begin PBXContainerItemProxy section */
		FC7CBA471BFFE5A900BB702C /* PBXContainerItemProxy */ = {
			isa = PBXContainerItemProxy;
			containerPortal = FC7CBA251BFFE5A900BB702C /* Project object */;
			proxyType = 1;
			remoteGlobalIDString = FC7CBA2C1BFFE5A900BB702C;
			remoteInfo = zigzag;
		};
/* End PBXContainerItemProxy section */

/* Begin PBXFileReference section */
		FC7CBA2D1BFFE5A900BB702C /* zigzag.app */ = {isa = PBXFileReference; explicitFileType = wrapper.application; includeInIndex = 0; path = zigzag.app; sourceTree = BUILT_PRODUCTS_DIR; };
		FC7CBA311BFFE5A900BB702C /* Info.plist */ = {isa = PBXFileReference; lastKnownFileType = text.plist.xml; path = Info.plist; sourceTree = "<group>"; };
		FC7CBA321BFFE5A900BB702C /* main.m */ = {isa = PBXFileReference; lastKnownFileType = sourcecode.c.objc; path = main.m; sourceTree = "<group>"; };
		FC7CBA341BFFE5A900BB702C /* AppDelegate.h */ = {isa = PBXFileReference; lastKnownFileType = sourcecode.c.h; path = AppDelegate.h; sourceTree = "<group>"; };
		FC7CBA351BFFE5A900BB702C /* AppDelegate.m */ = {isa = PBXFileReference; lastKnownFileType = sourcecode.c.objc; path = AppDelegate.m; sourceTree = "<group>"; };
		FC7CBA371BFFE5A900BB702C /* ViewController.h */ = {isa = PBXFileReference; lastKnownFileType = sourcecode.c.h; path = ViewController.h; sourceTree = "<group>"; };
		FC7CBA381BFFE5A900BB702C /* ViewController.m */ = {isa = PBXFileReference; lastKnownFileType = sourcecode.c.objc; path = ViewController.m; sourceTree = "<group>"; };
		FC7CBA3B1BFFE5A900BB702C /* Base */ = {isa = PBXFileReference; lastKnownFileType = file.storyboard; name = Base; path = Base.lproj/Main.storyboard; sourceTree = "<group>"; };
		FC7CBA3D1BFFE5A900BB702C /* Images.xcassets */ = {isa = PBXFileReference; lastKnownFileType = folder.assetcatalog; path = Images.xcassets; sourceTree = "<group>"; };
		FC7CBA401BFFE5A900BB702C /* Base */ = {isa = PBXFileReference; lastKnownFileType = file.xib; name = Base; path = Base.lproj/LaunchScreen.xib; sourceTree = "<group>"; };
		FC7CBA461BFFE5A900BB702C /* zigzagTests.xctest */ = {isa = PBXFileReference; explicitFileType = wrapper.cfbundle; includeInIndex = 0; path = zigzagTests.xctest; sourceTree = BUILT_PRODUCTS_DIR; };
		FC7CBA4B1BFFE5A900BB702C /* Info.plist */ = {isa = PBXFileReference; lastKnownFileType = text.plist.xml; path = Info.plist; sourceTree = "<group>"; };
		FC7CBA4C1BFFE5A900BB702C /* zigzagTests.m */ = {isa = PBXFileReference; lastKnownFileType = sourcecode.c.objc; path = zigzagTests.m; sourceTree = "<group>"; };
/* End PBXFileReference section */

/* Begin PBXFrameworksBuildPhase section */
		FC7CBA2A1BFFE5A900BB702C /* Frameworks */ = {
			isa = PBXFrameworksBuildPhase;
			buildActionMask = 2147483647;
			files = (
			);
			runOnlyForDeploymentPostprocessing = 0;
		};
		FC7CBA431BFFE5A900BB702C /* Frameworks */ = {
			isa = PBXFrameworksBuildPhase;
			buildActionMask = 2147483647;
			files = (
			);
			runOnlyForDeploymentPostprocessing = 0;
		};
/* End PBXFrameworksBuildPhase section */

/* Begin PBXGroup section */
		FC7CBA241BFFE5A900BB702C = {
			isa = PBXGroup;
			children = (
				FC7CBA2F1BFFE5A900BB702C /* zigzag */,
				FC7CBA491BFFE5A900BB702C /* zigzagTests */,
				FC7CBA2E1BFFE5A900BB702C /* Products */,
			);
			sourceTree = "<group>";
		};
		FC7CBA2E1BFFE5A900BB702C /* Products */ = {
			isa = PBXGroup;
			children = (
				FC7CBA2D1BFFE5A900BB702C /* zigzag.app */,
				FC7CBA461BFFE5A900BB702C /* zigzagTests.xctest */,
			);
			name = Products;
			sourceTree = "<group>";
		};
		FC7CBA2F1BFFE5A900BB702C /* zigzag */ = {
			isa = PBXGroup;
			children = (
				FC7CBA341BFFE5A900BB702C /* AppDelegate.h */,
				FC7CBA351BFFE5A900BB702C /* AppDelegate.m */,
				FC7CBA371BFFE5A900BB702C /* ViewController.h */,
				FC7CBA381BFFE5A900BB702C /* ViewController.m */,
				FC7CBA3A1BFFE5A900BB702C /* Main.storyboard */,
				FC7CBA3D1BFFE5A900BB702C /* Images.xcassets */,
				FC7CBA3F1BFFE5A900BB702C /* LaunchScreen.xib */,
				FC7CBA301BFFE5A900BB702C /* Supporting Files */,
			);
			path = zigzag;
			sourceTree = "<group>";
		};
		FC7CBA301BFFE5A900BB702C /* Supporting Files */ = {
			isa = PBXGroup;
			children = (
				FC7CBA311BFFE5A900BB702C /* Info.plist */,
				FC7CBA321BFFE5A900BB702C /* main.m */,
			);
			name = "Supporting Files";
			sourceTree = "<group>";
		};
		FC7CBA491BFFE5A900BB702C /* zigzagTests */ = {
			isa = PBXGroup;
			children = (
				FC7CBA4C1BFFE5A900BB702C /* zigzagTests.m */,
				FC7CBA4A1BFFE5A900BB702C /* Supporting Files */,
			);
			path = zigzagTests;
			sourceTree = "<group>";
		};
		FC7CBA4A1BFFE5A900BB702C /* Supporting Files */ = {
			isa = PBXGroup;
			children = (
				FC7CBA4B1BFFE5A900BB702C /* Info.plist */,
			);
			name = "Supporting Files";
			sourceTree = "<group>";
		};
/* End PBXGroup section */

/* Begin PBXNativeTarget section */
		FC7CBA2C1BFFE5A900BB702C /* zigzag */ = {
			isa = PBXNativeTarget;
			buildConfigurationList = FC7CBA501BFFE5A900BB702C /* Build configuration list for PBXNativeTarget "zigzag" */;
			buildPhases = (
				FC7CBA291BFFE5A900BB702C /* Sources */,
				FC7CBA2A1BFFE5A900BB702C /* Frameworks */,
				FC7CBA2B1BFFE5A900BB702C /* Resources */,
			);
			buildRules = (
			);
			dependencies = (
			);
			name = zigzag;
			productName = zigzag;
			productReference = FC7CBA2D1BFFE5A900BB702C /* zigzag.app */;
			productType = "com.apple.product-type.application";
		};
		FC7CBA451BFFE5A900BB702C /* zigzagTests */ = {
			isa = PBXNativeTarget;
			buildConfigurationList = FC7CBA531BFFE5A900BB702C /* Build configuration list for PBXNativeTarget "zigzagTests" */;
			buildPhases = (
				FC7CBA421BFFE5A900BB702C /* Sources */,
				FC7CBA431BFFE5A900BB702C /* Frameworks */,
				FC7CBA441BFFE5A900BB702C /* Resources */,
			);
			buildRules = (
			);
			dependencies = (
				FC7CBA481BFFE5A900BB702C /* PBXTargetDependency */,
			);
			name = zigzagTests;
			productName = zigzagTests;
			productReference = FC7CBA461BFFE5A900BB702C /* zigzagTests.xctest */;
			productType = "com.apple.product-type.bundle.unit-test";
		};
/* End PBXNativeTarget section */

/* Begin PBXProject section */
		FC7CBA251BFFE5A900BB702C /* Project object */ = {
			isa = PBXProject;
			attributes = {
				LastUpgradeCheck = 0640;
				ORGANIZATIONNAME = traidocthan47;
				TargetAttributes = {
					FC7CBA2C1BFFE5A900BB702C = {
						CreatedOnToolsVersion = 6.4;
					};
					FC7CBA451BFFE5A900BB702C = {
						CreatedOnToolsVersion = 6.4;
						TestTargetID = FC7CBA2C1BFFE5A900BB702C;
					};
				};
			};
			buildConfigurationList = FC7CBA281BFFE5A900BB702C /* Build configuration list for PBXProject "zigzag" */;
			compatibilityVersion = "Xcode 3.2";
			developmentRegion = English;
			hasScannedForEncodings = 0;
			knownRegions = (
				en,
				Base,
			);
			mainGroup = FC7CBA241BFFE5A900BB702C;
			productRefGroup = FC7CBA2E1BFFE5A900BB702C /* Products */;
			projectDirPath = "";
			projectRoot = "";
			targets = (
				FC7CBA2C1BFFE5A900BB702C /* zigzag */,
				FC7CBA451BFFE5A900BB702C /* zigzagTests */,
			);
		};
/* End PBXProject section */

/* Begin PBXResourcesBuildPhase section */
		FC7CBA2B1BFFE5A900BB702C /* Resources */ = {
			isa = PBXResourcesBuildPhase;
			buildActionMask = 2147483647;
			files = (
				FC7CBA3C1BFFE5A900BB702C /* Main.storyboard in Resources */,
				FC7CBA411BFFE5A900BB702C /* LaunchScreen.xib in Resources */,
				FC7CBA3E1BFFE5A900BB702C /* Images.xcassets in Resources */,
			);
			runOnlyForDeploymentPostprocessing = 0;
		};
		FC7CBA441BFFE5A900BB702C /* Resources */ = {
			isa = PBXResourcesBuildPhase;
			buildActionMask = 2147483647;
			files = (
			);
			runOnlyForDeploymentPostprocessing = 0;
		};
/* End PBXResourcesBuildPhase section */

/* Begin PBXSourcesBuildPhase section */
		FC7CBA291BFFE5A900BB702C /* Sources */ = {
			isa = PBXSourcesBuildPhase;
			buildActionMask = 2147483647;
			files = (
				FC7CBA391BFFE5A900BB702C /* ViewController.m in Sources */,
				FC7CBA361BFFE5A900BB702C /* AppDelegate.m in Sources */,
				FC7CBA331BFFE5A900BB702C /* main.m in Sources */,
			);
			runOnlyForDeploymentPostprocessing = 0;
		};
		FC7CBA421BFFE5A900BB702C /* Sources */ = {
			isa = PBXSourcesBuildPhase;
			buildActionMask = 2147483647;
			files = (
				FC7CBA4D1BFFE5A900BB702C /* zigzagTests.m in Sources */,
			);
			runOnlyForDeploymentPostprocessing = 0;
		};
/* End PBXSourcesBuildPhase section */

/* Begin PBXTargetDependency section */
		FC7CBA481BFFE5A900BB702C /* PBXTargetDependency */ = {
			isa = PBXTargetDependency;
			target = FC7CBA2C1BFFE5A900BB702C /* zigzag */;
			targetProxy = FC7CBA471BFFE5A900BB702C /* PBXContainerItemProxy */;
		};
/* End PBXTargetDependency section */

/* Begin PBXVariantGroup section */
		FC7CBA3A1BFFE5A900BB702C /* Main.storyboard */ = {
			isa = PBXVariantGroup;
			children = (
				FC7CBA3B1BFFE5A900BB702C /* Base */,
			);
			name = Main.storyboard;
			sourceTree = "<group>";
		};
		FC7CBA3F1BFFE5A900BB702C /* LaunchScreen.xib */ = {
			isa = PBXVariantGroup;
			children = (
				FC7CBA401BFFE5A900BB702C /* Base */,
			);
			name = LaunchScreen.xib;
			sourceTree = "<group>";
		};
/* End PBXVariantGroup section */

/* Begin XCBuildConfiguration section */
		FC7CBA4E1BFFE5A900BB702C /* Debug */ = {
			isa = XCBuildConfiguration;
			buildSettings = {
				ALWAYS_SEARCH_USER_PATHS = NO;
				CLANG_CXX_LANGUAGE_STANDARD = "gnu++0x";
				CLANG_CXX_LIBRARY = "libc++";
				CLANG_ENABLE_MODULES = YES;
				CLANG_ENABLE_OBJC_ARC = YES;
				CLANG_WARN_BOOL_CONVERSION = YES;
				CLANG_WARN_CONSTANT_CONVERSION = YES;
				CLANG_WARN_DIRECT_OBJC_ISA_USAGE = YES_ERROR;
				CLANG_WARN_EMPTY_BODY = YES;
				CLANG_WARN_ENUM_CONVERSION = YES;
				CLANG_WARN_INT_CONVERSION = YES;
				CLANG_WARN_OBJC_ROOT_CLASS = YES_ERROR;
				CLANG_WARN_UNREACHABLE_CODE = YES;
				CLANG_WARN__DUPLICATE_METHOD_MATCH = YES;
				"CODE_SIGN_IDENTITY[sdk=iphoneos*]" = "iPhone Developer";
				COPY_PHASE_STRIP = NO;
				DEBUG_INFORMATION_FORMAT = "dwarf-with-dsym";
				ENABLE_STRICT_OBJC_MSGSEND = YES;
				GCC_C_LANGUAGE_STANDARD = gnu99;
				GCC_DYNAMIC_NO_PIC = NO;
				GCC_NO_COMMON_BLOCKS = YES;
				GCC_OPTIMIZATION_LEVEL = 0;
				GCC_PREPROCESSOR_DEFINITIONS = (
					"DEBUG=1",
					"$(inherited)",
				);
				GCC_SYMBOLS_PRIVATE_EXTERN = NO;
				GCC_WARN_64_TO_32_BIT_CONVERSION = YES;
				GCC_WARN_ABOUT_RETURN_TYPE = YES_ERROR;
				GCC_WARN_UNDECLARED_SELECTOR = YES;
				GCC_WARN_UNINITIALIZED_AUTOS = YES_AGGRESSIVE;
				GCC_WARN_UNUSED_FUNCTION = YES;
				GCC_WARN_UNUSED_VARIABLE = YES;
				IPHONEOS_DEPLOYMENT_TARGET = 8.4;
				MTL_ENABLE_DEBUG_INFO = YES;
				ONLY_ACTIVE_ARCH = YES;
				SDKROOT = iphoneos;
			};
			name = Debug;
		};
		FC7CBA4F1BFFE5A900BB702C /* Release */ = {
			isa = XCBuildConfiguration;
			buildSettings = {
				ALWAYS_SEARCH_USER_PATHS = NO;
				CLANG_CXX_LANGUAGE_STANDARD = "gnu++0x";
				CLANG_CXX_LIBRARY = "libc++";
				CLANG_ENABLE_MODULES = YES;
				CLANG_ENABLE_OBJC_ARC = YES;
				CLANG_WARN_BOOL_CONVERSION = YES;
				CLANG_WARN_CONSTANT_CONVERSION = YES;
				CLANG_WARN_DIRECT_OBJC_ISA_USAGE = YES_ERROR;
				CLANG_WARN_EMPTY_BODY = YES;
				CLANG_WARN_ENUM_CONVERSION = YES;
				CLANG_WARN_INT_CONVERSION = YES;
				CLANG_WARN_OBJC_ROOT_CLASS = YES_ERROR;
				CLANG_WARN_UNREACHABLE_CODE = YES;
				CLANG_WARN__DUPLICATE_METHOD_MATCH = YES;
				"CODE_SIGN_IDENTITY[sdk=iphoneos*]" = "iPhone Developer";
				COPY_PHASE_STRIP = NO;
				DEBUG_INFORMATION_FORMAT = "dwarf-with-dsym";
				ENABLE_NS_ASSERTIONS = NO;
				ENABLE_STRICT_OBJC_MSGSEND = YES;
				GCC_C_LANGUAGE_STANDARD = gnu99;
				GCC_NO_COMMON_BLOCKS = YES;
				GCC_WARN_64_TO_32_BIT_CONVERSION = YES;
				GCC_WARN_ABOUT_RETURN_TYPE = YES_ERROR;
				GCC_WARN_UNDECLARED_SELECTOR = YES;
				GCC_WARN_UNINITIALIZED_AUTOS = YES_AGGRESSIVE;
				GCC_WARN_UNUSED_FUNCTION = YES;
				GCC_WARN_UNUSED_VARIABLE = YES;
				IPHONEOS_DEPLOYMENT_TARGET = 8.4;
				MTL_ENABLE_DEBUG_INFO = NO;
				SDKROOT = iphoneos;
				VALIDATE_PRODUCT = YES;
			};
			name = Release;
		};
		FC7CBA511BFFE5A900BB702C /* Debug */ = {
			isa = XCBuildConfiguration;
			buildSettings = {
				ASSETCATALOG_COMPILER_APPICON_NAME = AppIcon;
				INFOPLIST_FILE = zigzag/Info.plist;
				LD_RUNPATH_SEARCH_PATHS = "$(inherited) @executable_path/Frameworks";
				PRODUCT_NAME = "$(TARGET_NAME)";
			};
			name = Debug;
		};
		FC7CBA521BFFE5A900BB702C /* Release */ = {
			isa = XCBuildConfiguration;
			buildSettings = {
				ASSETCATALOG_COMPILER_APPICON_NAME = AppIcon;
				INFOPLIST_FILE = zigzag/Info.plist;
				LD_RUNPATH_SEARCH_PATHS = "$(inherited) @executable_path/Frameworks";
				PRODUCT_NAME = "$(TARGET_NAME)";
			};
			name = Release;
		};
		FC7CBA541BFFE5A900BB702C /* Debug */ = {
			isa = XCBuildConfiguration;
			buildSettings = {
				BUNDLE_LOADER = "$(TEST_HOST)";
				FRAMEWORK_SEARCH_PATHS = (
					"$(SDKROOT)/Developer/Library/Frameworks",
					"$(inherited)",
				);
				GCC_PREPROCESSOR_DEFINITIONS = (
					"DEBUG=1",
					"$(inherited)",
				);
				INFOPLIST_FILE = zigzagTests/Info.plist;
				LD_RUNPATH_SEARCH_PATHS = "$(inherited) @executable_path/Frameworks @loader_path/Frameworks";
				PRODUCT_NAME = "$(TARGET_NAME)";
				TEST_HOST = "$(BUILT_PRODUCTS_DIR)/zigzag.app/zigzag";
			};
			name = Debug;
		};
		FC7CBA551BFFE5A900BB702C /* Release */ = {
			isa = XCBuildConfiguration;
			buildSettings = {
				BUNDLE_LOADER = "$(TEST_HOST)";
				FRAMEWORK_SEARCH_PATHS = (
					"$(SDKROOT)/Developer/Library/Frameworks",
					"$(inherited)",
				);
				INFOPLIST_FILE = zigzagTests/Info.plist;
				LD_RUNPATH_SEARCH_PATHS = "$(inherited) @executable_path/Frameworks @loader_path/Frameworks";
				PRODUCT_NAME = "$(TARGET_NAME)";
				TEST_HOST = "$(BUILT_PRODUCTS_DIR)/zigzag.app/zigzag";
			};
			name = Release;
		};
/* End XCBuildConfiguration section */

/* Begin XCConfigurationList section */
		FC7CBA281BFFE5A900BB702C /* Build configuration list for PBXProject "zigzag" */ = {
			isa = XCConfigurationList;
			buildConfigurations = (
				FC7CBA4E1BFFE5A900BB702C /* Debug */,
				FC7CBA4F1BFFE5A900BB702C /* Release */,
			);
			defaultConfigurationIsVisible = 0;
			defaultConfigurationName = Release;
		};
		FC7CBA501BFFE5A900BB702C /* Build configuration list for PBXNativeTarget "zigzag" */ = {
			isa = XCConfigurationList;
			buildConfigurations = (
				FC7CBA511BFFE5A900BB702C /* Debug */,
				FC7CBA521BFFE5A900BB702C /* Release */,
			);
			defaultConfigurationIsVisible = 0;
		};
		FC7CBA531BFFE5A900BB702C /* Build configuration list for PBXNativeTarget "zigzagTests" */ = {
			isa = XCConfigurationList;
			buildConfigurations = (
				FC7CBA541BFFE5A900BB702C /* Debug */,
				FC7CBA551BFFE5A900BB702C /* Release */,
			);
			defaultConfigurationIsVisible = 0;
		};
/* End XCConfigurationList section */
	};
	rootObject = FC7CBA251BFFE5A900BB702C /* Project object */;
}
